
Microsoft Visual Studio Solution File, Format Version 12.00
# Visual Studio Version 17
VisualStudioVersion = 17.14.36603.0 d17.14
MinimumVisualStudioVersion = 10.0.40219.1
Project("{FAE04EC0-301F-11D3-BF4B-00C04F79EFBC}") = "ToP.API", "ToP.API.csproj", "{A86FAE16-9785-4A77-B512-4229A9467A64}"
EndProject
Project("{FAE04EC0-301F-11D3-BF4B-00C04F79EFBC}") = "ToP.Application", "..\ToP.Application\ToP.Application.csproj", "{6B04AC3B-D40A-48AB-B198-6170788A2514}"
EndProject
Project("{FAE04EC0-301F-11D3-BF4B-00C04F79EFBC}") = "ToP.Domain", "..\ToP.Domain\ToP.Domain.csproj", "{67423676-D7F1-46CE-81A1-2638A0FAA861}"
EndProject
Project("{FAE04EC0-301F-11D3-BF4B-00C04F79EFBC}") = "ToP.Infrastucture", "..\ToP.Infrastucture\ToP.Infrastucture.csproj", "{1C5441A4-58C8-4FE9-B6ED-6BB2846C8D46}"
EndProject
Global
	GlobalSection(SolutionConfigurationPlatforms) = preSolution
		Debug|Any CPU = Debug|Any CPU
		Release|Any CPU = Release|Any CPU
	EndGlobalSection
	GlobalSection(ProjectConfigurationPlatforms) = postSolution
		{A86FAE16-9785-4A77-B512-4229A9467A64}.Debug|Any CPU.ActiveCfg = Debug|Any CPU
		{A86FAE16-9785-4A77-B512-4229A9467A64}.Debug|Any CPU.Build.0 = Debug|Any CPU
		{A86FAE16-9785-4A77-B512-4229A9467A64}.Release|Any CPU.ActiveCfg = Release|Any CPU
		{A86FAE16-9785-4A77-B512-4229A9467A64}.Release|Any CPU.Build.0 = Release|Any CPU
		{6B04AC3B-D40A-48AB-B198-6170788A2514}.Debug|Any CPU.ActiveCfg = Debug|Any CPU
		{6B04AC3B-D40A-48AB-B198-6170788A2514}.Debug|Any CPU.Build.0 = Debug|Any CPU
		{6B04AC3B-D40A-48AB-B198-6170788A2514}.Release|Any CPU.ActiveCfg = Release|Any CPU
		{6B04AC3B-D40A-48AB-B198-6170788A2514}.Release|Any CPU.Build.0 = Release|Any CPU
		{67423676-D7F1-46CE-81A1-2638A0FAA861}.Debug|Any CPU.ActiveCfg = Debug|Any CPU
		{67423676-D7F1-46CE-81A1-2638A0FAA861}.Debug|Any CPU.Build.0 = Debug|Any CPU
		{67423676-D7F1-46CE-81A1-2638A0FAA861}.Release|Any CPU.ActiveCfg = Release|Any CPU
		{67423676-D7F1-46CE-81A1-2638A0FAA861}.Release|Any CPU.Build.0 = Release|Any CPU
		{1C5441A4-58C8-4FE9-B6ED-6BB2846C8D46}.Debug|Any CPU.ActiveCfg = Debug|Any CPU
		{1C5441A4-58C8-4FE9-B6ED-6BB2846C8D46}.Debug|Any CPU.Build.0 = Debug|Any CPU
		{1C5441A4-58C8-4FE9-B6ED-6BB2846C8D46}.Release|Any CPU.ActiveCfg = Release|Any CPU
		{1C5441A4-58C8-4FE9-B6ED-6BB2846C8D46}.Release|Any CPU.Build.0 = Release|Any CPU
	EndGlobalSection
	GlobalSection(SolutionProperties) = preSolution
		HideSolutionNode = FALSE
	EndGlobalSection
	GlobalSection(ExtensibilityGlobals) = postSolution
		SolutionGuid = {36F02099-79AF-4893-A2BD-D6C8B30EC799}
	EndGlobalSection
EndGlobal
